
Microsoft Visual Studio Solution File, Format Version 12.00
# Visual Studio Version 17
VisualStudioVersion = 17.10.35122.118
MinimumVisualStudioVersion = 10.0.40219.1
Project("{FAE04EC0-301F-11D3-BF4B-00C04F79EFBC}") = "GD12_1133_Lab1_Amelia_Nichols", "GD12_1133_Lab1_Amelia_Nichols.csproj", "{F2EE4C47-B528-4AA1-94AA-13E93ADAE8D7}"
EndProject
Global
	GlobalSection(SolutionConfigurationPlatforms) = preSolution
		Debug|Any CPU = Debug|Any CPU
		Release|Any CPU = Release|Any CPU
	EndGlobalSection
	GlobalSection(ProjectConfigurationPlatforms) = postSolution
		{F2EE4C47-B528-4AA1-94AA-13E93ADAE8D7}.Debug|Any CPU.ActiveCfg = Debug|Any CPU
		{F2EE4C47-B528-4AA1-94AA-13E93ADAE8D7}.Debug|Any CPU.Build.0 = Debug|Any CPU
		{F2EE4C47-B528-4AA1-94AA-13E93ADAE8D7}.Release|Any CPU.ActiveCfg = Release|Any CPU
		{F2EE4C47-B528-4AA1-94AA-13E93ADAE8D7}.Release|Any CPU.Build.0 = Release|Any CPU
	EndGlobalSection
	GlobalSection(SolutionProperties) = preSolution
		HideSolutionNode = FALSE
	EndGlobalSection
	GlobalSection(ExtensibilityGlobals) = postSolution
		SolutionGuid = {D070C472-FD61-46DA-A47E-29F6E76E929C}
	EndGlobalSection
EndGlobal
